
Microsoft Visual Studio Solution File, Format Version 12.00
# Visual Studio Version 16
VisualStudioVersion = 16.0.29613.14
MinimumVisualStudioVersion = 10.0.40219.1
Project("{FAE04EC0-301F-11D3-BF4B-00C04F79EFBC}") = "GrasshopperGradeBook", "GrasshopperGradeBook.csproj", "{66EBBF1D-0712-4810-8E88-43D6BDC5700A}"
EndProject
Global
	GlobalSection(SolutionConfigurationPlatforms) = preSolution
		Debug|Any CPU = Debug|Any CPU
		Release|Any CPU = Release|Any CPU
	EndGlobalSection
	GlobalSection(ProjectConfigurationPlatforms) = postSolution
		{66EBBF1D-0712-4810-8E88-43D6BDC5700A}.Debug|Any CPU.ActiveCfg = Debug|Any CPU
		{66EBBF1D-0712-4810-8E88-43D6BDC5700A}.Debug|Any CPU.Build.0 = Debug|Any CPU
		{66EBBF1D-0712-4810-8E88-43D6BDC5700A}.Release|Any CPU.ActiveCfg = Release|Any CPU
		{66EBBF1D-0712-4810-8E88-43D6BDC5700A}.Release|Any CPU.Build.0 = Release|Any CPU
	EndGlobalSection
	GlobalSection(SolutionProperties) = preSolution
		HideSolutionNode = FALSE
	EndGlobalSection
	GlobalSection(ExtensibilityGlobals) = postSolution
		SolutionGuid = {7E019AB3-5CFC-4D58-B7E0-8F8362B80C8B}
	EndGlobalSection
EndGlobal
