
Microsoft Visual Studio Solution File, Format Version 12.00
# Visual Studio Version 16
VisualStudioVersion = 16.0.29613.14
MinimumVisualStudioVersion = 10.0.40219.1
Project("{FAE04EC0-301F-11D3-BF4B-00C04F79EFBC}") = "ArrayPlusArray", "ArrayPlusArray.csproj", "{D88938F8-3F97-4AC4-BA84-A4C4E0179BBB}"
EndProject
Global
	GlobalSection(SolutionConfigurationPlatforms) = preSolution
		Debug|Any CPU = Debug|Any CPU
		Release|Any CPU = Release|Any CPU
	EndGlobalSection
	GlobalSection(ProjectConfigurationPlatforms) = postSolution
		{D88938F8-3F97-4AC4-BA84-A4C4E0179BBB}.Debug|Any CPU.ActiveCfg = Debug|Any CPU
		{D88938F8-3F97-4AC4-BA84-A4C4E0179BBB}.Debug|Any CPU.Build.0 = Debug|Any CPU
		{D88938F8-3F97-4AC4-BA84-A4C4E0179BBB}.Release|Any CPU.ActiveCfg = Release|Any CPU
		{D88938F8-3F97-4AC4-BA84-A4C4E0179BBB}.Release|Any CPU.Build.0 = Release|Any CPU
	EndGlobalSection
	GlobalSection(SolutionProperties) = preSolution
		HideSolutionNode = FALSE
	EndGlobalSection
	GlobalSection(ExtensibilityGlobals) = postSolution
		SolutionGuid = {5E17FB9D-B801-4B2D-A925-47B92938F417}
	EndGlobalSection
EndGlobal
